
Microsoft Visual Studio Solution File, Format Version 12.00
# Visual Studio 2012
Project("{FAE04EC0-301F-11D3-BF4B-00C04F79EFBC}") = "YieldMapUI", "YieldMapUI\YieldMapUI.csproj", "{8BF5CF09-6550-4FD0-B5A6-72DBCED419BF}"
EndProject
Project("{FAE04EC0-301F-11D3-BF4B-00C04F79EFBC}") = "DataProvider", "DataProvider\DataProvider.csproj", "{EF0CC6F6-BD2E-4106-8138-927312257B53}"
EndProject
Project("{FAE04EC0-301F-11D3-BF4B-00C04F79EFBC}") = "Toolbox", "MainPatterns\Toolbox.csproj", "{3D117A27-C652-4B5C-9D00-43AF82243AB5}"
EndProject
Project("{FAE04EC0-301F-11D3-BF4B-00C04F79EFBC}") = "LoggingFacility", "LoggingFacility\LoggingFacility.csproj", "{75317712-FB97-4039-9876-7A9A583A089E}"
EndProject
Project("{2150E333-8FDC-42A3-9474-1A3956D46DE8}") = "Solution Items", "Solution Items", "{3E8604AF-D0E9-4D4E-9210-259D40E5C201}"
	ProjectSection(SolutionItems) = preProject
		Local.testsettings = Local.testsettings
		TraceAndTestImpact.testsettings = TraceAndTestImpact.testsettings
		Yield Map v3.vsmdi = Yield Map v3.vsmdi
	EndProjectSection
EndProject
Project("{FAE04EC0-301F-11D3-BF4B-00C04F79EFBC}") = "ContainerAgent", "ContainerAgent\ContainerAgent.csproj", "{03CEBDBD-C201-456B-A001-C94FBF889171}"
EndProject
Project("{FAE04EC0-301F-11D3-BF4B-00C04F79EFBC}") = "YieldMap", "YieldMap\YieldMap.csproj", "{EE6BF962-9FF9-4060-BEDC-97CD4F427E49}"
EndProject
Project("{FAE04EC0-301F-11D3-BF4B-00C04F79EFBC}") = "UnitTesting", "UnitTesting\UnitTesting.csproj", "{0547880E-1945-47B6-9E9D-17BB9BF25840}"
EndProject
Project("{FAE04EC0-301F-11D3-BF4B-00C04F79EFBC}") = "Connect", "Connection\Connect.csproj", "{477731D9-54D2-4806-900C-0BDC2BC06DBF}"
EndProject
Project("{FAE04EC0-301F-11D3-BF4B-00C04F79EFBC}") = "IntegrationTesting", "IntegrationTesting\IntegrationTesting.csproj", "{B93754B2-D848-45E9-929F-51F2D292679D}"
EndProject
Global
	GlobalSection(TestCaseManagementSettings) = postSolution
		CategoryFile = Yield Map v3.vsmdi
	EndGlobalSection
	GlobalSection(SolutionConfigurationPlatforms) = preSolution
		Debug|Any CPU = Debug|Any CPU
		Debug|Mixed Platforms = Debug|Mixed Platforms
		Debug|x86 = Debug|x86
		Release|Any CPU = Release|Any CPU
		Release|Mixed Platforms = Release|Mixed Platforms
		Release|x86 = Release|x86
	EndGlobalSection
	GlobalSection(ProjectConfigurationPlatforms) = postSolution
		{8BF5CF09-6550-4FD0-B5A6-72DBCED419BF}.Debug|Any CPU.ActiveCfg = Debug|Any CPU
		{8BF5CF09-6550-4FD0-B5A6-72DBCED419BF}.Debug|Any CPU.Build.0 = Debug|Any CPU
		{8BF5CF09-6550-4FD0-B5A6-72DBCED419BF}.Debug|Mixed Platforms.ActiveCfg = Debug|x86
		{8BF5CF09-6550-4FD0-B5A6-72DBCED419BF}.Debug|Mixed Platforms.Build.0 = Debug|x86
		{8BF5CF09-6550-4FD0-B5A6-72DBCED419BF}.Debug|x86.ActiveCfg = Debug|Any CPU
		{8BF5CF09-6550-4FD0-B5A6-72DBCED419BF}.Release|Any CPU.ActiveCfg = Release|Any CPU
		{8BF5CF09-6550-4FD0-B5A6-72DBCED419BF}.Release|Any CPU.Build.0 = Release|Any CPU
		{8BF5CF09-6550-4FD0-B5A6-72DBCED419BF}.Release|Mixed Platforms.ActiveCfg = Release|Any CPU
		{8BF5CF09-6550-4FD0-B5A6-72DBCED419BF}.Release|Mixed Platforms.Build.0 = Release|Any CPU
		{8BF5CF09-6550-4FD0-B5A6-72DBCED419BF}.Release|x86.ActiveCfg = Release|Any CPU
		{EF0CC6F6-BD2E-4106-8138-927312257B53}.Debug|Any CPU.ActiveCfg = Debug|Any CPU
		{EF0CC6F6-BD2E-4106-8138-927312257B53}.Debug|Any CPU.Build.0 = Debug|Any CPU
		{EF0CC6F6-BD2E-4106-8138-927312257B53}.Debug|Mixed Platforms.ActiveCfg = Debug|x86
		{EF0CC6F6-BD2E-4106-8138-927312257B53}.Debug|Mixed Platforms.Build.0 = Debug|x86
		{EF0CC6F6-BD2E-4106-8138-927312257B53}.Debug|x86.ActiveCfg = Debug|Any CPU
		{EF0CC6F6-BD2E-4106-8138-927312257B53}.Release|Any CPU.ActiveCfg = Release|Any CPU
		{EF0CC6F6-BD2E-4106-8138-927312257B53}.Release|Any CPU.Build.0 = Release|Any CPU
		{EF0CC6F6-BD2E-4106-8138-927312257B53}.Release|Mixed Platforms.ActiveCfg = Release|Any CPU
		{EF0CC6F6-BD2E-4106-8138-927312257B53}.Release|Mixed Platforms.Build.0 = Release|Any CPU
		{EF0CC6F6-BD2E-4106-8138-927312257B53}.Release|x86.ActiveCfg = Release|Any CPU
		{3D117A27-C652-4B5C-9D00-43AF82243AB5}.Debug|Any CPU.ActiveCfg = Debug|Any CPU
		{3D117A27-C652-4B5C-9D00-43AF82243AB5}.Debug|Any CPU.Build.0 = Debug|Any CPU
		{3D117A27-C652-4B5C-9D00-43AF82243AB5}.Debug|Mixed Platforms.ActiveCfg = Debug|x86
		{3D117A27-C652-4B5C-9D00-43AF82243AB5}.Debug|Mixed Platforms.Build.0 = Debug|x86
		{3D117A27-C652-4B5C-9D00-43AF82243AB5}.Debug|x86.ActiveCfg = Debug|Any CPU
		{3D117A27-C652-4B5C-9D00-43AF82243AB5}.Release|Any CPU.ActiveCfg = Release|Any CPU
		{3D117A27-C652-4B5C-9D00-43AF82243AB5}.Release|Any CPU.Build.0 = Release|Any CPU
		{3D117A27-C652-4B5C-9D00-43AF82243AB5}.Release|Mixed Platforms.ActiveCfg = Release|Any CPU
		{3D117A27-C652-4B5C-9D00-43AF82243AB5}.Release|Mixed Platforms.Build.0 = Release|Any CPU
		{3D117A27-C652-4B5C-9D00-43AF82243AB5}.Release|x86.ActiveCfg = Release|Any CPU
		{75317712-FB97-4039-9876-7A9A583A089E}.Debug|Any CPU.ActiveCfg = Debug|Any CPU
		{75317712-FB97-4039-9876-7A9A583A089E}.Debug|Any CPU.Build.0 = Debug|Any CPU
		{75317712-FB97-4039-9876-7A9A583A089E}.Debug|Mixed Platforms.ActiveCfg = Debug|x86
		{75317712-FB97-4039-9876-7A9A583A089E}.Debug|Mixed Platforms.Build.0 = Debug|x86
		{75317712-FB97-4039-9876-7A9A583A089E}.Debug|x86.ActiveCfg = Debug|Any CPU
		{75317712-FB97-4039-9876-7A9A583A089E}.Release|Any CPU.ActiveCfg = Release|Any CPU
		{75317712-FB97-4039-9876-7A9A583A089E}.Release|Any CPU.Build.0 = Release|Any CPU
		{75317712-FB97-4039-9876-7A9A583A089E}.Release|Mixed Platforms.ActiveCfg = Release|Any CPU
		{75317712-FB97-4039-9876-7A9A583A089E}.Release|Mixed Platforms.Build.0 = Release|Any CPU
		{75317712-FB97-4039-9876-7A9A583A089E}.Release|x86.ActiveCfg = Release|Any CPU
		{03CEBDBD-C201-456B-A001-C94FBF889171}.Debug|Any CPU.ActiveCfg = Debug|Any CPU
		{03CEBDBD-C201-456B-A001-C94FBF889171}.Debug|Any CPU.Build.0 = Debug|Any CPU
		{03CEBDBD-C201-456B-A001-C94FBF889171}.Debug|Mixed Platforms.ActiveCfg = Debug|x86
		{03CEBDBD-C201-456B-A001-C94FBF889171}.Debug|Mixed Platforms.Build.0 = Debug|x86
		{03CEBDBD-C201-456B-A001-C94FBF889171}.Debug|x86.ActiveCfg = Debug|Any CPU
		{03CEBDBD-C201-456B-A001-C94FBF889171}.Release|Any CPU.ActiveCfg = Release|Any CPU
		{03CEBDBD-C201-456B-A001-C94FBF889171}.Release|Any CPU.Build.0 = Release|Any CPU
		{03CEBDBD-C201-456B-A001-C94FBF889171}.Release|Mixed Platforms.ActiveCfg = Release|Any CPU
		{03CEBDBD-C201-456B-A001-C94FBF889171}.Release|Mixed Platforms.Build.0 = Release|Any CPU
		{03CEBDBD-C201-456B-A001-C94FBF889171}.Release|x86.ActiveCfg = Release|Any CPU
		{EE6BF962-9FF9-4060-BEDC-97CD4F427E49}.Debug|Any CPU.ActiveCfg = Debug|x86
		{EE6BF962-9FF9-4060-BEDC-97CD4F427E49}.Debug|Mixed Platforms.ActiveCfg = Debug|x86
		{EE6BF962-9FF9-4060-BEDC-97CD4F427E49}.Debug|Mixed Platforms.Build.0 = Debug|x86
		{EE6BF962-9FF9-4060-BEDC-97CD4F427E49}.Debug|x86.ActiveCfg = Debug|x86
		{EE6BF962-9FF9-4060-BEDC-97CD4F427E49}.Debug|x86.Build.0 = Debug|x86
		{EE6BF962-9FF9-4060-BEDC-97CD4F427E49}.Release|Any CPU.ActiveCfg = Release|x86
		{EE6BF962-9FF9-4060-BEDC-97CD4F427E49}.Release|Mixed Platforms.ActiveCfg = Release|x86
		{EE6BF962-9FF9-4060-BEDC-97CD4F427E49}.Release|Mixed Platforms.Build.0 = Release|x86
		{EE6BF962-9FF9-4060-BEDC-97CD4F427E49}.Release|x86.ActiveCfg = Release|x86
		{EE6BF962-9FF9-4060-BEDC-97CD4F427E49}.Release|x86.Build.0 = Release|x86
		{0547880E-1945-47B6-9E9D-17BB9BF25840}.Debug|Any CPU.ActiveCfg = Debug|Any CPU
		{0547880E-1945-47B6-9E9D-17BB9BF25840}.Debug|Any CPU.Build.0 = Debug|Any CPU
		{0547880E-1945-47B6-9E9D-17BB9BF25840}.Debug|Mixed Platforms.ActiveCfg = Debug|x86
		{0547880E-1945-47B6-9E9D-17BB9BF25840}.Debug|Mixed Platforms.Build.0 = Debug|x86
		{0547880E-1945-47B6-9E9D-17BB9BF25840}.Debug|x86.ActiveCfg = Debug|Any CPU
		{0547880E-1945-47B6-9E9D-17BB9BF25840}.Release|Any CPU.ActiveCfg = Release|Any CPU
		{0547880E-1945-47B6-9E9D-17BB9BF25840}.Release|Any CPU.Build.0 = Release|Any CPU
		{0547880E-1945-47B6-9E9D-17BB9BF25840}.Release|Mixed Platforms.ActiveCfg = Release|Any CPU
		{0547880E-1945-47B6-9E9D-17BB9BF25840}.Release|Mixed Platforms.Build.0 = Release|Any CPU
		{0547880E-1945-47B6-9E9D-17BB9BF25840}.Release|x86.ActiveCfg = Release|Any CPU
		{477731D9-54D2-4806-900C-0BDC2BC06DBF}.Debug|Any CPU.ActiveCfg = Debug|Any CPU
		{477731D9-54D2-4806-900C-0BDC2BC06DBF}.Debug|Any CPU.Build.0 = Debug|Any CPU
		{477731D9-54D2-4806-900C-0BDC2BC06DBF}.Debug|Mixed Platforms.ActiveCfg = Debug|x86
		{477731D9-54D2-4806-900C-0BDC2BC06DBF}.Debug|Mixed Platforms.Build.0 = Debug|x86
		{477731D9-54D2-4806-900C-0BDC2BC06DBF}.Debug|x86.ActiveCfg = Debug|Any CPU
		{477731D9-54D2-4806-900C-0BDC2BC06DBF}.Release|Any CPU.ActiveCfg = Release|Any CPU
		{477731D9-54D2-4806-900C-0BDC2BC06DBF}.Release|Any CPU.Build.0 = Release|Any CPU
		{477731D9-54D2-4806-900C-0BDC2BC06DBF}.Release|Mixed Platforms.ActiveCfg = Release|Any CPU
		{477731D9-54D2-4806-900C-0BDC2BC06DBF}.Release|Mixed Platforms.Build.0 = Release|Any CPU
		{477731D9-54D2-4806-900C-0BDC2BC06DBF}.Release|x86.ActiveCfg = Release|Any CPU
		{B93754B2-D848-45E9-929F-51F2D292679D}.Debug|Any CPU.ActiveCfg = Debug|Any CPU
		{B93754B2-D848-45E9-929F-51F2D292679D}.Debug|Any CPU.Build.0 = Debug|Any CPU
		{B93754B2-D848-45E9-929F-51F2D292679D}.Debug|Mixed Platforms.ActiveCfg = Debug|x86
		{B93754B2-D848-45E9-929F-51F2D292679D}.Debug|Mixed Platforms.Build.0 = Debug|x86
		{B93754B2-D848-45E9-929F-51F2D292679D}.Debug|x86.ActiveCfg = Debug|Any CPU
		{B93754B2-D848-45E9-929F-51F2D292679D}.Release|Any CPU.ActiveCfg = Release|Any CPU
		{B93754B2-D848-45E9-929F-51F2D292679D}.Release|Any CPU.Build.0 = Release|Any CPU
		{B93754B2-D848-45E9-929F-51F2D292679D}.Release|Mixed Platforms.ActiveCfg = Release|Any CPU
		{B93754B2-D848-45E9-929F-51F2D292679D}.Release|Mixed Platforms.Build.0 = Release|Any CPU
		{B93754B2-D848-45E9-929F-51F2D292679D}.Release|x86.ActiveCfg = Release|Any CPU
	EndGlobalSection
	GlobalSection(SolutionProperties) = preSolution
		HideSolutionNode = FALSE
	EndGlobalSection
EndGlobal
